
Microsoft Visual Studio Solution File, Format Version 12.00
# Visual Studio Version 17
VisualStudioVersion = 17.4.33213.308
MinimumVisualStudioVersion = 10.0.40219.1
Project("{FAE04EC0-301F-11D3-BF4B-00C04F79EFBC}") = "food-delivery-app", "food-delivery-app.csproj", "{0C0663DE-4C58-433C-85DD-F78D744ACE0A}"
EndProject
Global
	GlobalSection(SolutionConfigurationPlatforms) = preSolution
		Debug|Any CPU = Debug|Any CPU
		Release|Any CPU = Release|Any CPU
	EndGlobalSection
	GlobalSection(ProjectConfigurationPlatforms) = postSolution
		{0C0663DE-4C58-433C-85DD-F78D744ACE0A}.Debug|Any CPU.ActiveCfg = Debug|Any CPU
		{0C0663DE-4C58-433C-85DD-F78D744ACE0A}.Debug|Any CPU.Build.0 = Debug|Any CPU
		{0C0663DE-4C58-433C-85DD-F78D744ACE0A}.Release|Any CPU.ActiveCfg = Release|Any CPU
		{0C0663DE-4C58-433C-85DD-F78D744ACE0A}.Release|Any CPU.Build.0 = Release|Any CPU
	EndGlobalSection
	GlobalSection(SolutionProperties) = preSolution
		HideSolutionNode = FALSE
	EndGlobalSection
	GlobalSection(ExtensibilityGlobals) = postSolution
		SolutionGuid = {86696F2E-AC8F-4760-A49A-39EF3818FBE3}
	EndGlobalSection
EndGlobal
